
Microsoft Visual Studio Solution File, Format Version 12.00
# Visual Studio Version 16
VisualStudioVersion = 16.0.31702.278
MinimumVisualStudioVersion = 10.0.40219.1
Project("{F184B08F-C81C-45F6-A57F-5ABD9991F28F}") = "WinFormsApp5", "WinFormsApp5\WinFormsApp5.vbproj", "{80F27315-671A-43AE-B1C6-A4FC56E17557}"
EndProject
Global
	GlobalSection(SolutionConfigurationPlatforms) = preSolution
		Debug|Any CPU = Debug|Any CPU
		Release|Any CPU = Release|Any CPU
	EndGlobalSection
	GlobalSection(ProjectConfigurationPlatforms) = postSolution
		{80F27315-671A-43AE-B1C6-A4FC56E17557}.Debug|Any CPU.ActiveCfg = Debug|Any CPU
		{80F27315-671A-43AE-B1C6-A4FC56E17557}.Debug|Any CPU.Build.0 = Debug|Any CPU
		{80F27315-671A-43AE-B1C6-A4FC56E17557}.Release|Any CPU.ActiveCfg = Release|Any CPU
		{80F27315-671A-43AE-B1C6-A4FC56E17557}.Release|Any CPU.Build.0 = Release|Any CPU
	EndGlobalSection
	GlobalSection(SolutionProperties) = preSolution
		HideSolutionNode = FALSE
	EndGlobalSection
	GlobalSection(ExtensibilityGlobals) = postSolution
		SolutionGuid = {4C733741-4527-48BF-BD32-D4CE51CDBE68}
	EndGlobalSection
EndGlobal
